
Microsoft Visual Studio Solution File, Format Version 12.00
# Visual Studio Version 16
VisualStudioVersion = 16.0.31229.75
MinimumVisualStudioVersion = 10.0.40219.1
Project("{9A19103F-16F7-4668-BE54-9A1E7A4F7556}") = "ODC.Doctor.API", "ODC.Doctor.API\ODC.Doctor.API.csproj", "{A356036F-29C7-44D7-9F5F-84EDF8E935BE}"
EndProject
Project("{9A19103F-16F7-4668-BE54-9A1E7A4F7556}") = "ODC.Doctor.Repository", "ODC.Doctor.Repository\ODC.Doctor.Repository.csproj", "{74EB0EF0-B9E0-4CAD-8CDC-E0AF5A7DD35A}"
EndProject
Project("{9A19103F-16F7-4668-BE54-9A1E7A4F7556}") = "ODC.Doctor.Model", "ODC.Doctor.Model\ODC.Doctor.Model.csproj", "{0393CF05-897B-4626-B828-E1002911B223}"
EndProject
Project("{2150E333-8FDC-42A3-9474-1A3956D46DE8}") = "Solution Items", "Solution Items", "{1B2D3599-8758-4D36-B50A-F5DE45C64574}"
	ProjectSection(SolutionItems) = preProject
		.editorconfig = .editorconfig
	EndProjectSection
EndProject
Global
	GlobalSection(SolutionConfigurationPlatforms) = preSolution
		Debug|Any CPU = Debug|Any CPU
		Release|Any CPU = Release|Any CPU
	EndGlobalSection
	GlobalSection(ProjectConfigurationPlatforms) = postSolution
		{A356036F-29C7-44D7-9F5F-84EDF8E935BE}.Debug|Any CPU.ActiveCfg = Debug|Any CPU
		{A356036F-29C7-44D7-9F5F-84EDF8E935BE}.Debug|Any CPU.Build.0 = Debug|Any CPU
		{A356036F-29C7-44D7-9F5F-84EDF8E935BE}.Release|Any CPU.ActiveCfg = Release|Any CPU
		{A356036F-29C7-44D7-9F5F-84EDF8E935BE}.Release|Any CPU.Build.0 = Release|Any CPU
		{74EB0EF0-B9E0-4CAD-8CDC-E0AF5A7DD35A}.Debug|Any CPU.ActiveCfg = Debug|Any CPU
		{74EB0EF0-B9E0-4CAD-8CDC-E0AF5A7DD35A}.Debug|Any CPU.Build.0 = Debug|Any CPU
		{74EB0EF0-B9E0-4CAD-8CDC-E0AF5A7DD35A}.Release|Any CPU.ActiveCfg = Release|Any CPU
		{74EB0EF0-B9E0-4CAD-8CDC-E0AF5A7DD35A}.Release|Any CPU.Build.0 = Release|Any CPU
		{0393CF05-897B-4626-B828-E1002911B223}.Debug|Any CPU.ActiveCfg = Debug|Any CPU
		{0393CF05-897B-4626-B828-E1002911B223}.Debug|Any CPU.Build.0 = Debug|Any CPU
		{0393CF05-897B-4626-B828-E1002911B223}.Release|Any CPU.ActiveCfg = Release|Any CPU
		{0393CF05-897B-4626-B828-E1002911B223}.Release|Any CPU.Build.0 = Release|Any CPU
	EndGlobalSection
	GlobalSection(SolutionProperties) = preSolution
		HideSolutionNode = FALSE
	EndGlobalSection
	GlobalSection(ExtensibilityGlobals) = postSolution
		SolutionGuid = {9099096E-CDEE-46AA-8F4E-BFE36591F9BF}
	EndGlobalSection
EndGlobal
